
Microsoft Visual Studio Solution File, Format Version 12.00
# Visual Studio Version 17
VisualStudioVersion = 17.3.32929.385
MinimumVisualStudioVersion = 10.0.40219.1
Project("{FAE04EC0-301F-11D3-BF4B-00C04F79EFBC}") = "Composicao", "Composição\Composicao.csproj", "{B12DD50A-D918-4BFD-B0D5-97E1F1A47E1E}"
EndProject
Global
	GlobalSection(SolutionConfigurationPlatforms) = preSolution
		Debug|Any CPU = Debug|Any CPU
		Release|Any CPU = Release|Any CPU
	EndGlobalSection
	GlobalSection(ProjectConfigurationPlatforms) = postSolution
		{B12DD50A-D918-4BFD-B0D5-97E1F1A47E1E}.Debug|Any CPU.ActiveCfg = Debug|Any CPU
		{B12DD50A-D918-4BFD-B0D5-97E1F1A47E1E}.Debug|Any CPU.Build.0 = Debug|Any CPU
		{B12DD50A-D918-4BFD-B0D5-97E1F1A47E1E}.Release|Any CPU.ActiveCfg = Release|Any CPU
		{B12DD50A-D918-4BFD-B0D5-97E1F1A47E1E}.Release|Any CPU.Build.0 = Release|Any CPU
	EndGlobalSection
	GlobalSection(SolutionProperties) = preSolution
		HideSolutionNode = FALSE
	EndGlobalSection
	GlobalSection(ExtensibilityGlobals) = postSolution
		SolutionGuid = {2A96120A-D495-4C6B-AAF5-A71AE2CA0417}
	EndGlobalSection
EndGlobal
