
Microsoft Visual Studio Solution File, Format Version 12.00
# Visual Studio Version 17
VisualStudioVersion = 17.3.32929.385
MinimumVisualStudioVersion = 10.0.40219.1
Project("{FAE04EC0-301F-11D3-BF4B-00C04F79EFBC}") = "Dictionary", "Dictionary\Dictionary.csproj", "{D6B9ACA7-0E34-4089-A266-7D697E317A2D}"
EndProject
Global
	GlobalSection(SolutionConfigurationPlatforms) = preSolution
		Debug|Any CPU = Debug|Any CPU
		Release|Any CPU = Release|Any CPU
	EndGlobalSection
	GlobalSection(ProjectConfigurationPlatforms) = postSolution
		{D6B9ACA7-0E34-4089-A266-7D697E317A2D}.Debug|Any CPU.ActiveCfg = Debug|Any CPU
		{D6B9ACA7-0E34-4089-A266-7D697E317A2D}.Debug|Any CPU.Build.0 = Debug|Any CPU
		{D6B9ACA7-0E34-4089-A266-7D697E317A2D}.Release|Any CPU.ActiveCfg = Release|Any CPU
		{D6B9ACA7-0E34-4089-A266-7D697E317A2D}.Release|Any CPU.Build.0 = Release|Any CPU
	EndGlobalSection
	GlobalSection(SolutionProperties) = preSolution
		HideSolutionNode = FALSE
	EndGlobalSection
	GlobalSection(ExtensibilityGlobals) = postSolution
		SolutionGuid = {63636F27-CF54-420A-96D0-B5A90CB13099}
	EndGlobalSection
EndGlobal
