
Microsoft Visual Studio Solution File, Format Version 12.00
# Visual Studio Version 17
VisualStudioVersion = 17.3.32929.385
MinimumVisualStudioVersion = 10.0.40219.1
Project("{FAE04EC0-301F-11D3-BF4B-00C04F79EFBC}") = "ExtensionMethods", "ExtensionMethods\ExtensionMethods.csproj", "{7DDA3491-78A9-456B-BBA5-CCB3B8A1E7BD}"
EndProject
Global
	GlobalSection(SolutionConfigurationPlatforms) = preSolution
		Debug|Any CPU = Debug|Any CPU
		Release|Any CPU = Release|Any CPU
	EndGlobalSection
	GlobalSection(ProjectConfigurationPlatforms) = postSolution
		{7DDA3491-78A9-456B-BBA5-CCB3B8A1E7BD}.Debug|Any CPU.ActiveCfg = Debug|Any CPU
		{7DDA3491-78A9-456B-BBA5-CCB3B8A1E7BD}.Debug|Any CPU.Build.0 = Debug|Any CPU
		{7DDA3491-78A9-456B-BBA5-CCB3B8A1E7BD}.Release|Any CPU.ActiveCfg = Release|Any CPU
		{7DDA3491-78A9-456B-BBA5-CCB3B8A1E7BD}.Release|Any CPU.Build.0 = Release|Any CPU
	EndGlobalSection
	GlobalSection(SolutionProperties) = preSolution
		HideSolutionNode = FALSE
	EndGlobalSection
	GlobalSection(ExtensibilityGlobals) = postSolution
		SolutionGuid = {A500641E-1DA9-41DB-8979-DF31F23D6122}
	EndGlobalSection
EndGlobal
