
Microsoft Visual Studio Solution File, Format Version 12.00
# Visual Studio Version 17
VisualStudioVersion = 17.3.32929.385
MinimumVisualStudioVersion = 10.0.40219.1
Project("{FAE04EC0-301F-11D3-BF4B-00C04F79EFBC}") = "Linq", "Linq\Linq.csproj", "{50FA6D77-A399-46DC-B510-164DF4D5D80C}"
EndProject
Global
	GlobalSection(SolutionConfigurationPlatforms) = preSolution
		Debug|Any CPU = Debug|Any CPU
		Release|Any CPU = Release|Any CPU
	EndGlobalSection
	GlobalSection(ProjectConfigurationPlatforms) = postSolution
		{50FA6D77-A399-46DC-B510-164DF4D5D80C}.Debug|Any CPU.ActiveCfg = Debug|Any CPU
		{50FA6D77-A399-46DC-B510-164DF4D5D80C}.Debug|Any CPU.Build.0 = Debug|Any CPU
		{50FA6D77-A399-46DC-B510-164DF4D5D80C}.Release|Any CPU.ActiveCfg = Release|Any CPU
		{50FA6D77-A399-46DC-B510-164DF4D5D80C}.Release|Any CPU.Build.0 = Release|Any CPU
	EndGlobalSection
	GlobalSection(SolutionProperties) = preSolution
		HideSolutionNode = FALSE
	EndGlobalSection
	GlobalSection(ExtensibilityGlobals) = postSolution
		SolutionGuid = {FBC3FFA8-3CFC-4CFF-96C2-50EF33BF0DFE}
	EndGlobalSection
EndGlobal
